// !$*UTF8*$!
{
	archiveVersion = 1;
	classes = {
	};
	objectVersion = 46;
	objects = {

/* Begin PBXBuildFile section */
		F02F6EA31911F9760003A300 /* Foundation.framework in Frameworks */ = {isa = PBXBuildFile; fileRef = F02F6EA21911F9760003A300 /* Foundation.framework */; };
		F02F6EA51911F9760003A300 /* CoreGraphics.framework in Frameworks */ = {isa = PBXBuildFile; fileRef = F02F6EA41911F9760003A300 /* CoreGraphics.framework */; };
		F02F6EA71911F9760003A300 /* UIKit.framework in Frameworks */ = {isa = PBXBuildFile; fileRef = F02F6EA61911F9760003A300 /* UIKit.framework */; };
		F02F6EAD1911F9760003A300 /* InfoPlist.strings in Resources */ = {isa = PBXBuildFile; fileRef = F02F6EAB1911F9760003A300 /* InfoPlist.strings */; };
		F02F6EAF1911F9760003A300 /* main.m in Sources */ = {isa = PBXBuildFile; fileRef = F02F6EAE1911F9760003A300 /* main.m */; };
		F02F6EB31911F9760003A300 /* AppDelegate.m in Sources */ = {isa = PBXBuildFile; fileRef = F02F6EB21911F9760003A300 /* AppDelegate.m */; };
		F02F6EB51911F9760003A300 /* Images.xcassets in Resources */ = {isa = PBXBuildFile; fileRef = F02F6EB41911F9760003A300 /* Images.xcassets */; };
		F02F6EBC1911F9760003A300 /* XCTest.framework in Frameworks */ = {isa = PBXBuildFile; fileRef = F02F6EBB1911F9760003A300 /* XCTest.framework */; };
		F02F6EBD1911F9760003A300 /* Foundation.framework in Frameworks */ = {isa = PBXBuildFile; fileRef = F02F6EA21911F9760003A300 /* Foundation.framework */; };
		F02F6EBE1911F9760003A300 /* UIKit.framework in Frameworks */ = {isa = PBXBuildFile; fileRef = F02F6EA61911F9760003A300 /* UIKit.framework */; };
		F02F6EC61911F9760003A300 /* InfoPlist.strings in Resources */ = {isa = PBXBuildFile; fileRef = F02F6EC41911F9760003A300 /* InfoPlist.strings */; };
		F02F6EC81911F9760003A300 /* testYJLabelTests.m in Sources */ = {isa = PBXBuildFile; fileRef = F02F6EC71911F9760003A300 /* testYJLabelTests.m */; };
		F02F6ED31911F9B70003A300 /* YJLLabel.m in Sources */ = {isa = PBXBuildFile; fileRef = F02F6ED21911F9B70003A300 /* YJLLabel.m */; };
		F02F6ED61911FA450003A300 /* YJLDrawLabel.m in Sources */ = {isa = PBXBuildFile; fileRef = F02F6ED51911FA450003A300 /* YJLDrawLabel.m */; };
/* End PBXBuildFile section */

/* Begin PBXContainerItemProxy section */
		F02F6EBF1911F9760003A300 /* PBXContainerItemProxy */ = {
			isa = PBXContainerItemProxy;
			containerPortal = F02F6E971911F9750003A300 /* Project object */;
			proxyType = 1;
			remoteGlobalIDString = F02F6E9E1911F9760003A300;
			remoteInfo = testYJLabel;
		};
/* End PBXContainerItemProxy section */

/* Begin PBXFileReference section */
		F02F6E9F1911F9760003A300 /* testYJLabel.app */ = {isa = PBXFileReference; explicitFileType = wrapper.application; includeInIndex = 0; path = testYJLabel.app; sourceTree = BUILT_PRODUCTS_DIR; };
		F02F6EA21911F9760003A300 /* Foundation.framework */ = {isa = PBXFileReference; lastKnownFileType = wrapper.framework; name = Foundation.framework; path = System/Library/Frameworks/Foundation.framework; sourceTree = SDKROOT; };
		F02F6EA41911F9760003A300 /* CoreGraphics.framework */ = {isa = PBXFileReference; lastKnownFileType = wrapper.framework; name = CoreGraphics.framework; path = System/Library/Frameworks/CoreGraphics.framework; sourceTree = SDKROOT; };
		F02F6EA61911F9760003A300 /* UIKit.framework */ = {isa = PBXFileReference; lastKnownFileType = wrapper.framework; name = UIKit.framework; path = System/Library/Frameworks/UIKit.framework; sourceTree = SDKROOT; };
		F02F6EAA1911F9760003A300 /* testYJLabel-Info.plist */ = {isa = PBXFileReference; lastKnownFileType = text.plist.xml; path = "testYJLabel-Info.plist"; sourceTree = "<group>"; };
		F02F6EAC1911F9760003A300 /* en */ = {isa = PBXFileReference; lastKnownFileType = text.plist.strings; name = en; path = en.lproj/InfoPlist.strings; sourceTree = "<group>"; };
		F02F6EAE1911F9760003A300 /* main.m */ = {isa = PBXFileReference; lastKnownFileType = sourcecode.c.objc; path = main.m; sourceTree = "<group>"; };
		F02F6EB01911F9760003A300 /* testYJLabel-Prefix.pch */ = {isa = PBXFileReference; lastKnownFileType = sourcecode.c.h; path = "testYJLabel-Prefix.pch"; sourceTree = "<group>"; };
		F02F6EB11911F9760003A300 /* AppDelegate.h */ = {isa = PBXFileReference; lastKnownFileType = sourcecode.c.h; path = AppDelegate.h; sourceTree = "<group>"; };
		F02F6EB21911F9760003A300 /* AppDelegate.m */ = {isa = PBXFileReference; lastKnownFileType = sourcecode.c.objc; path = AppDelegate.m; sourceTree = "<group>"; };
		F02F6EB41911F9760003A300 /* Images.xcassets */ = {isa = PBXFileReference; lastKnownFileType = folder.assetcatalog; path = Images.xcassets; sourceTree = "<group>"; };
		F02F6EBA1911F9760003A300 /* testYJLabelTests.xctest */ = {isa = PBXFileReference; explicitFileType = wrapper.cfbundle; includeInIndex = 0; path = testYJLabelTests.xctest; sourceTree = BUILT_PRODUCTS_DIR; };
		F02F6EBB1911F9760003A300 /* XCTest.framework */ = {isa = PBXFileReference; lastKnownFileType = wrapper.framework; name = XCTest.framework; path = Library/Frameworks/XCTest.framework; sourceTree = DEVELOPER_DIR; };
		F02F6EC31911F9760003A300 /* testYJLabelTests-Info.plist */ = {isa = PBXFileReference; lastKnownFileType = text.plist.xml; path = "testYJLabelTests-Info.plist"; sourceTree = "<group>"; };
		F02F6EC51911F9760003A300 /* en */ = {isa = PBXFileReference; lastKnownFileType = text.plist.strings; name = en; path = en.lproj/InfoPlist.strings; sourceTree = "<group>"; };
		F02F6EC71911F9760003A300 /* testYJLabelTests.m */ = {isa = PBXFileReference; lastKnownFileType = sourcecode.c.objc; path = testYJLabelTests.m; sourceTree = "<group>"; };
		F02F6ED11911F9B70003A300 /* YJLLabel.h */ = {isa = PBXFileReference; fileEncoding = 4; lastKnownFileType = sourcecode.c.h; path = YJLLabel.h; sourceTree = "<group>"; };
		F02F6ED21911F9B70003A300 /* YJLLabel.m */ = {isa = PBXFileReference; fileEncoding = 4; lastKnownFileType = sourcecode.c.objc; path = YJLLabel.m; sourceTree = "<group>"; };
		F02F6ED41911FA450003A300 /* YJLDrawLabel.h */ = {isa = PBXFileReference; fileEncoding = 4; lastKnownFileType = sourcecode.c.h; path = YJLDrawLabel.h; sourceTree = "<group>"; };
		F02F6ED51911FA450003A300 /* YJLDrawLabel.m */ = {isa = PBXFileReference; fileEncoding = 4; lastKnownFileType = sourcecode.c.objc; path = YJLDrawLabel.m; sourceTree = "<group>"; };
/* End PBXFileReference section */

/* Begin PBXFrameworksBuildPhase section */
		F02F6E9C1911F9760003A300 /* Frameworks */ = {
			isa = PBXFrameworksBuildPhase;
			buildActionMask = 2147483647;
			files = (
				F02F6EA51911F9760003A300 /* CoreGraphics.framework in Frameworks */,
				F02F6EA71911F9760003A300 /* UIKit.framework in Frameworks */,
				F02F6EA31911F9760003A300 /* Foundation.framework in Frameworks */,
			);
			runOnlyForDeploymentPostprocessing = 0;
		};
		F02F6EB71911F9760003A300 /* Frameworks */ = {
			isa = PBXFrameworksBuildPhase;
			buildActionMask = 2147483647;
			files = (
				F02F6EBC1911F9760003A300 /* XCTest.framework in Frameworks */,
				F02F6EBE1911F9760003A300 /* UIKit.framework in Frameworks */,
				F02F6EBD1911F9760003A300 /* Foundation.framework in Frameworks */,
			);
			runOnlyForDeploymentPostprocessing = 0;
		};
/* End PBXFrameworksBuildPhase section */

/* Begin PBXGroup section */
		F02F6E961911F9750003A300 = {
			isa = PBXGroup;
			children = (
				F02F6EA81911F9760003A300 /* testYJLabel */,
				F02F6EC11911F9760003A300 /* testYJLabelTests */,
				F02F6EA11911F9760003A300 /* Frameworks */,
				F02F6EA01911F9760003A300 /* Products */,
			);
			sourceTree = "<group>";
		};
		F02F6EA01911F9760003A300 /* Products */ = {
			isa = PBXGroup;
			children = (
				F02F6E9F1911F9760003A300 /* testYJLabel.app */,
				F02F6EBA1911F9760003A300 /* testYJLabelTests.xctest */,
			);
			name = Products;
			sourceTree = "<group>";
		};
		F02F6EA11911F9760003A300 /* Frameworks */ = {
			isa = PBXGroup;
			children = (
				F02F6EA21911F9760003A300 /* Foundation.framework */,
				F02F6EA41911F9760003A300 /* CoreGraphics.framework */,
				F02F6EA61911F9760003A300 /* UIKit.framework */,
				F02F6EBB1911F9760003A300 /* XCTest.framework */,
			);
			name = Frameworks;
			sourceTree = "<group>";
		};
		F02F6EA81911F9760003A300 /* testYJLabel */ = {
			isa = PBXGroup;
			children = (
				F02F6EB11911F9760003A300 /* AppDelegate.h */,
				F02F6EB21911F9760003A300 /* AppDelegate.m */,
				F02F6EB41911F9760003A300 /* Images.xcassets */,
				F02F6EA91911F9760003A300 /* Supporting Files */,
				F02F6ED11911F9B70003A300 /* YJLLabel.h */,
				F02F6ED21911F9B70003A300 /* YJLLabel.m */,
				F02F6ED41911FA450003A300 /* YJLDrawLabel.h */,
				F02F6ED51911FA450003A300 /* YJLDrawLabel.m */,
			);
			path = testYJLabel;
			sourceTree = "<group>";
		};
		F02F6EA91911F9760003A300 /* Supporting Files */ = {
			isa = PBXGroup;
			children = (
				F02F6EAA1911F9760003A300 /* testYJLabel-Info.plist */,
				F02F6EAB1911F9760003A300 /* InfoPlist.strings */,
				F02F6EAE1911F9760003A300 /* main.m */,
				F02F6EB01911F9760003A300 /* testYJLabel-Prefix.pch */,
			);
			name = "Supporting Files";
			sourceTree = "<group>";
		};
		F02F6EC11911F9760003A300 /* testYJLabelTests */ = {
			isa = PBXGroup;
			children = (
				F02F6EC71911F9760003A300 /* testYJLabelTests.m */,
				F02F6EC21911F9760003A300 /* Supporting Files */,
			);
			path = testYJLabelTests;
			sourceTree = "<group>";
		};
		F02F6EC21911F9760003A300 /* Supporting Files */ = {
			isa = PBXGroup;
			children = (
				F02F6EC31911F9760003A300 /* testYJLabelTests-Info.plist */,
				F02F6EC41911F9760003A300 /* InfoPlist.strings */,
			);
			name = "Supporting Files";
			sourceTree = "<group>";
		};
/* End PBXGroup section */

/* Begin PBXNativeTarget section */
		F02F6E9E1911F9760003A300 /* testYJLabel */ = {
			isa = PBXNativeTarget;
			buildConfigurationList = F02F6ECB1911F9760003A300 /* Build configuration list for PBXNativeTarget "testYJLabel" */;
			buildPhases = (
				F02F6E9B1911F9760003A300 /* Sources */,
				F02F6E9C1911F9760003A300 /* Frameworks */,
				F02F6E9D1911F9760003A300 /* Resources */,
			);
			buildRules = (
			);
			dependencies = (
			);
			name = testYJLabel;
			productName = testYJLabel;
			productReference = F02F6E9F1911F9760003A300 /* testYJLabel.app */;
			productType = "com.apple.product-type.application";
		};
		F02F6EB91911F9760003A300 /* testYJLabelTests */ = {
			isa = PBXNativeTarget;
			buildConfigurationList = F02F6ECE1911F9760003A300 /* Build configuration list for PBXNativeTarget "testYJLabelTests" */;
			buildPhases = (
				F02F6EB61911F9760003A300 /* Sources */,
				F02F6EB71911F9760003A300 /* Frameworks */,
				F02F6EB81911F9760003A300 /* Resources */,
			);
			buildRules = (
			);
			dependencies = (
				F02F6EC01911F9760003A300 /* PBXTargetDependency */,
			);
			name = testYJLabelTests;
			productName = testYJLabelTests;
			productReference = F02F6EBA1911F9760003A300 /* testYJLabelTests.xctest */;
			productType = "com.apple.product-type.bundle.unit-test";
		};
/* End PBXNativeTarget section */

/* Begin PBXProject section */
		F02F6E971911F9750003A300 /* Project object */ = {
			isa = PBXProject;
			attributes = {
				LastUpgradeCheck = 0510;
				ORGANIZATIONNAME = huxiaohui000;
				TargetAttributes = {
					F02F6EB91911F9760003A300 = {
						TestTargetID = F02F6E9E1911F9760003A300;
					};
				};
			};
			buildConfigurationList = F02F6E9A1911F9750003A300 /* Build configuration list for PBXProject "testYJLabel" */;
			compatibilityVersion = "Xcode 3.2";
			developmentRegion = English;
			hasScannedForEncodings = 0;
			knownRegions = (
				en,
			);
			mainGroup = F02F6E961911F9750003A300;
			productRefGroup = F02F6EA01911F9760003A300 /* Products */;
			projectDirPath = "";
			projectRoot = "";
			targets = (
				F02F6E9E1911F9760003A300 /* testYJLabel */,
				F02F6EB91911F9760003A300 /* testYJLabelTests */,
			);
		};
/* End PBXProject section */

/* Begin PBXResourcesBuildPhase section */
		F02F6E9D1911F9760003A300 /* Resources */ = {
			isa = PBXResourcesBuildPhase;
			buildActionMask = 2147483647;
			files = (
				F02F6EAD1911F9760003A300 /* InfoPlist.strings in Resources */,
				F02F6EB51911F9760003A300 /* Images.xcassets in Resources */,
			);
			runOnlyForDeploymentPostprocessing = 0;
		};
		F02F6EB81911F9760003A300 /* Resources */ = {
			isa = PBXResourcesBuildPhase;
			buildActionMask = 2147483647;
			files = (
				F02F6EC61911F9760003A300 /* InfoPlist.strings in Resources */,
			);
			runOnlyForDeploymentPostprocessing = 0;
		};
/* End PBXResourcesBuildPhase section */

/* Begin PBXSourcesBuildPhase section */
		F02F6E9B1911F9760003A300 /* Sources */ = {
			isa = PBXSourcesBuildPhase;
			buildActionMask = 2147483647;
			files = (
				F02F6EB31911F9760003A300 /* AppDelegate.m in Sources */,
				F02F6ED31911F9B70003A300 /* YJLLabel.m in Sources */,
				F02F6ED61911FA450003A300 /* YJLDrawLabel.m in Sources */,
				F02F6EAF1911F9760003A300 /* main.m in Sources */,
			);
			runOnlyForDeploymentPostprocessing = 0;
		};
		F02F6EB61911F9760003A300 /* Sources */ = {
			isa = PBXSourcesBuildPhase;
			buildActionMask = 2147483647;
			files = (
				F02F6EC81911F9760003A300 /* testYJLabelTests.m in Sources */,
			);
			runOnlyForDeploymentPostprocessing = 0;
		};
/* End PBXSourcesBuildPhase section */

/* Begin PBXTargetDependency section */
		F02F6EC01911F9760003A300 /* PBXTargetDependency */ = {
			isa = PBXTargetDependency;
			target = F02F6E9E1911F9760003A300 /* testYJLabel */;
			targetProxy = F02F6EBF1911F9760003A300 /* PBXContainerItemProxy */;
		};
/* End PBXTargetDependency section */

/* Begin PBXVariantGroup section */
		F02F6EAB1911F9760003A300 /* InfoPlist.strings */ = {
			isa = PBXVariantGroup;
			children = (
				F02F6EAC1911F9760003A300 /* en */,
			);
			name = InfoPlist.strings;
			sourceTree = "<group>";
		};
		F02F6EC41911F9760003A300 /* InfoPlist.strings */ = {
			isa = PBXVariantGroup;
			children = (
				F02F6EC51911F9760003A300 /* en */,
			);
			name = InfoPlist.strings;
			sourceTree = "<group>";
		};
/* End PBXVariantGroup section */

/* Begin XCBuildConfiguration section */
		F02F6EC91911F9760003A300 /* Debug */ = {
			isa = XCBuildConfiguration;
			buildSettings = {
				ALWAYS_SEARCH_USER_PATHS = NO;
				CLANG_CXX_LANGUAGE_STANDARD = "gnu++0x";
				CLANG_CXX_LIBRARY = "libc++";
				CLANG_ENABLE_MODULES = YES;
				CLANG_ENABLE_OBJC_ARC = YES;
				CLANG_WARN_BOOL_CONVERSION = YES;
				CLANG_WARN_CONSTANT_CONVERSION = YES;
				CLANG_WARN_DIRECT_OBJC_ISA_USAGE = YES_ERROR;
				CLANG_WARN_EMPTY_BODY = YES;
				CLANG_WARN_ENUM_CONVERSION = YES;
				CLANG_WARN_INT_CONVERSION = YES;
				CLANG_WARN_OBJC_ROOT_CLASS = YES_ERROR;
				CLANG_WARN__DUPLICATE_METHOD_MATCH = YES;
				"CODE_SIGN_IDENTITY[sdk=iphoneos*]" = "iPhone Developer";
				COPY_PHASE_STRIP = NO;
				GCC_C_LANGUAGE_STANDARD = gnu99;
				GCC_DYNAMIC_NO_PIC = NO;
				GCC_OPTIMIZATION_LEVEL = 0;
				GCC_PREPROCESSOR_DEFINITIONS = (
					"DEBUG=1",
					"$(inherited)",
				);
				GCC_SYMBOLS_PRIVATE_EXTERN = NO;
				GCC_WARN_64_TO_32_BIT_CONVERSION = YES;
				GCC_WARN_ABOUT_RETURN_TYPE = YES_ERROR;
				GCC_WARN_UNDECLARED_SELECTOR = YES;
				GCC_WARN_UNINITIALIZED_AUTOS = YES_AGGRESSIVE;
				GCC_WARN_UNUSED_FUNCTION = YES;
				GCC_WARN_UNUSED_VARIABLE = YES;
				IPHONEOS_DEPLOYMENT_TARGET = 7.1;
				ONLY_ACTIVE_ARCH = YES;
				SDKROOT = iphoneos;
			};
			name = Debug;
		};
		F02F6ECA1911F9760003A300 /* Release */ = {
			isa = XCBuildConfiguration;
			buildSettings = {
				ALWAYS_SEARCH_USER_PATHS = NO;
				CLANG_CXX_LANGUAGE_STANDARD = "gnu++0x";
				CLANG_CXX_LIBRARY = "libc++";
				CLANG_ENABLE_MODULES = YES;
				CLANG_ENABLE_OBJC_ARC = YES;
				CLANG_WARN_BOOL_CONVERSION = YES;
				CLANG_WARN_CONSTANT_CONVERSION = YES;
				CLANG_WARN_DIRECT_OBJC_ISA_USAGE = YES_ERROR;
				CLANG_WARN_EMPTY_BODY = YES;
				CLANG_WARN_ENUM_CONVERSION = YES;
				CLANG_WARN_INT_CONVERSION = YES;
				CLANG_WARN_OBJC_ROOT_CLASS = YES_ERROR;
				CLANG_WARN__DUPLICATE_METHOD_MATCH = YES;
				"CODE_SIGN_IDENTITY[sdk=iphoneos*]" = "iPhone Developer";
				COPY_PHASE_STRIP = YES;
				ENABLE_NS_ASSERTIONS = NO;
				GCC_C_LANGUAGE_STANDARD = gnu99;
				GCC_WARN_64_TO_32_BIT_CONVERSION = YES;
				GCC_WARN_ABOUT_RETURN_TYPE = YES_ERROR;
				GCC_WARN_UNDECLARED_SELECTOR = YES;
				GCC_WARN_UNINITIALIZED_AUTOS = YES_AGGRESSIVE;
				GCC_WARN_UNUSED_FUNCTION = YES;
				GCC_WARN_UNUSED_VARIABLE = YES;
				IPHONEOS_DEPLOYMENT_TARGET = 7.1;
				SDKROOT = iphoneos;
				VALIDATE_PRODUCT = YES;
			};
			name = Release;
		};
		F02F6ECC1911F9760003A300 /* Debug */ = {
			isa = XCBuildConfiguration;
			buildSettings = {
				ASSETCATALOG_COMPILER_APPICON_NAME = AppIcon;
				ASSETCATALOG_COMPILER_LAUNCHIMAGE_NAME = LaunchImage;
				CLANG_ENABLE_OBJC_ARC = NO;
				GCC_PRECOMPILE_PREFIX_HEADER = YES;
				GCC_PREFIX_HEADER = "testYJLabel/testYJLabel-Prefix.pch";
				INFOPLIST_FILE = "testYJLabel/testYJLabel-Info.plist";
				PRODUCT_NAME = "$(TARGET_NAME)";
				WRAPPER_EXTENSION = app;
			};
			name = Debug;
		};
		F02F6ECD1911F9760003A300 /* Release */ = {
			isa = XCBuildConfiguration;
			buildSettings = {
				ASSETCATALOG_COMPILER_APPICON_NAME = AppIcon;
				ASSETCATALOG_COMPILER_LAUNCHIMAGE_NAME = LaunchImage;
				CLANG_ENABLE_OBJC_ARC = NO;
				GCC_PRECOMPILE_PREFIX_HEADER = YES;
				GCC_PREFIX_HEADER = "testYJLabel/testYJLabel-Prefix.pch";
				INFOPLIST_FILE = "testYJLabel/testYJLabel-Info.plist";
				PRODUCT_NAME = "$(TARGET_NAME)";
				WRAPPER_EXTENSION = app;
			};
			name = Release;
		};
		F02F6ECF1911F9760003A300 /* Debug */ = {
			isa = XCBuildConfiguration;
			buildSettings = {
				BUNDLE_LOADER = "$(BUILT_PRODUCTS_DIR)/testYJLabel.app/testYJLabel";
				FRAMEWORK_SEARCH_PATHS = (
					"$(SDKROOT)/Developer/Library/Frameworks",
					"$(inherited)",
					"$(DEVELOPER_FRAMEWORKS_DIR)",
				);
				GCC_PRECOMPILE_PREFIX_HEADER = YES;
				GCC_PREFIX_HEADER = "testYJLabel/testYJLabel-Prefix.pch";
				GCC_PREPROCESSOR_DEFINITIONS = (
					"DEBUG=1",
					"$(inherited)",
				);
				INFOPLIST_FILE = "testYJLabelTests/testYJLabelTests-Info.plist";
				PRODUCT_NAME = "$(TARGET_NAME)";
				TEST_HOST = "$(BUNDLE_LOADER)";
				WRAPPER_EXTENSION = xctest;
			};
			name = Debug;
		};
		F02F6ED01911F9760003A300 /* Release */ = {
			isa = XCBuildConfiguration;
			buildSettings = {
				BUNDLE_LOADER = "$(BUILT_PRODUCTS_DIR)/testYJLabel.app/testYJLabel";
				FRAMEWORK_SEARCH_PATHS = (
					"$(SDKROOT)/Developer/Library/Frameworks",
					"$(inherited)",
					"$(DEVELOPER_FRAMEWORKS_DIR)",
				);
				GCC_PRECOMPILE_PREFIX_HEADER = YES;
				GCC_PREFIX_HEADER = "testYJLabel/testYJLabel-Prefix.pch";
				INFOPLIST_FILE = "testYJLabelTests/testYJLabelTests-Info.plist";
				PRODUCT_NAME = "$(TARGET_NAME)";
				TEST_HOST = "$(BUNDLE_LOADER)";
				WRAPPER_EXTENSION = xctest;
			};
			name = Release;
		};
/* End XCBuildConfiguration section */

/* Begin XCConfigurationList section */
		F02F6E9A1911F9750003A300 /* Build configuration list for PBXProject "testYJLabel" */ = {
			isa = XCConfigurationList;
			buildConfigurations = (
				F02F6EC91911F9760003A300 /* Debug */,
				F02F6ECA1911F9760003A300 /* Release */,
			);
			defaultConfigurationIsVisible = 0;
			defaultConfigurationName = Release;
		};
		F02F6ECB1911F9760003A300 /* Build configuration list for PBXNativeTarget "testYJLabel" */ = {
			isa = XCConfigurationList;
			buildConfigurations = (
				F02F6ECC1911F9760003A300 /* Debug */,
				F02F6ECD1911F9760003A300 /* Release */,
			);
			defaultConfigurationIsVisible = 0;
		};
		F02F6ECE1911F9760003A300 /* Build configuration list for PBXNativeTarget "testYJLabelTests" */ = {
			isa = XCConfigurationList;
			buildConfigurations = (
				F02F6ECF1911F9760003A300 /* Debug */,
				F02F6ED01911F9760003A300 /* Release */,
			);
			defaultConfigurationIsVisible = 0;
		};
/* End XCConfigurationList section */
	};
	rootObject = F02F6E971911F9750003A300 /* Project object */;
}
